
Microsoft Visual Studio Solution File, Format Version 12.00
# Visual Studio 15
VisualStudioVersion = 15.0.27428.2043
MinimumVisualStudioVersion = 10.0.40219.1
Project("{FAE04EC0-301F-11D3-BF4B-00C04F79EFBC}") = "DojoExercise", "DojoExercise\DojoExercise.csproj", "{DF0B41FB-7BB1-4701-9D38-612F08863A25}"
EndProject
Project("{FAE04EC0-301F-11D3-BF4B-00C04F79EFBC}") = "DojoExercise.UnitTests", "DojoExercise.UnitTests\DojoExercise.UnitTests.csproj", "{9388715B-0C63-485A-B0E7-286BA0B7F9AA}"
EndProject
Global
	GlobalSection(SolutionConfigurationPlatforms) = preSolution
		Debug|Any CPU = Debug|Any CPU
		Release|Any CPU = Release|Any CPU
	EndGlobalSection
	GlobalSection(ProjectConfigurationPlatforms) = postSolution
		{DF0B41FB-7BB1-4701-9D38-612F08863A25}.Debug|Any CPU.ActiveCfg = Debug|Any CPU
		{DF0B41FB-7BB1-4701-9D38-612F08863A25}.Debug|Any CPU.Build.0 = Debug|Any CPU
		{DF0B41FB-7BB1-4701-9D38-612F08863A25}.Release|Any CPU.ActiveCfg = Release|Any CPU
		{DF0B41FB-7BB1-4701-9D38-612F08863A25}.Release|Any CPU.Build.0 = Release|Any CPU
		{9388715B-0C63-485A-B0E7-286BA0B7F9AA}.Debug|Any CPU.ActiveCfg = Debug|Any CPU
		{9388715B-0C63-485A-B0E7-286BA0B7F9AA}.Debug|Any CPU.Build.0 = Debug|Any CPU
		{9388715B-0C63-485A-B0E7-286BA0B7F9AA}.Release|Any CPU.ActiveCfg = Release|Any CPU
		{9388715B-0C63-485A-B0E7-286BA0B7F9AA}.Release|Any CPU.Build.0 = Release|Any CPU
	EndGlobalSection
	GlobalSection(SolutionProperties) = preSolution
		HideSolutionNode = FALSE
	EndGlobalSection
	GlobalSection(ExtensibilityGlobals) = postSolution
		SolutionGuid = {1B838440-A2CE-43AC-A5B3-05A40BC069C5}
	EndGlobalSection
EndGlobal
